
Microsoft Visual Studio Solution File, Format Version 12.00
# Visual Studio Version 17
VisualStudioVersion = 17.4.33403.182
MinimumVisualStudioVersion = 10.0.40219.1
Project("{FAE04EC0-301F-11D3-BF4B-00C04F79EFBC}") = "Bank_klasy", "Bank_klasy\Bank_klasy.csproj", "{0C40BD4B-2B64-466B-9188-3C7C6D377805}"
EndProject
Global
	GlobalSection(SolutionConfigurationPlatforms) = preSolution
		Debug|Any CPU = Debug|Any CPU
		Release|Any CPU = Release|Any CPU
	EndGlobalSection
	GlobalSection(ProjectConfigurationPlatforms) = postSolution
		{0C40BD4B-2B64-466B-9188-3C7C6D377805}.Debug|Any CPU.ActiveCfg = Debug|Any CPU
		{0C40BD4B-2B64-466B-9188-3C7C6D377805}.Debug|Any CPU.Build.0 = Debug|Any CPU
		{0C40BD4B-2B64-466B-9188-3C7C6D377805}.Release|Any CPU.ActiveCfg = Release|Any CPU
		{0C40BD4B-2B64-466B-9188-3C7C6D377805}.Release|Any CPU.Build.0 = Release|Any CPU
	EndGlobalSection
	GlobalSection(SolutionProperties) = preSolution
		HideSolutionNode = FALSE
	EndGlobalSection
	GlobalSection(ExtensibilityGlobals) = postSolution
		SolutionGuid = {43C28E9E-D0A5-4E63-8918-CF2597C37A92}
	EndGlobalSection
EndGlobal
